
Microsoft Visual Studio Solution File, Format Version 12.00
# Visual Studio Version 16
VisualStudioVersion = 16.0.30204.135
MinimumVisualStudioVersion = 10.0.40219.1
Project("{8BC9CEB8-8B4A-11D0-8D11-00A0C91BC942}") = "day2", "day2\day2.vcxproj", "{FDC88400-49CB-4527-AEEB-3DF53DA6DA5F}"
EndProject
Project("{8BC9CEB8-8B4A-11D0-8D11-00A0C91BC942}") = "day1", "day1\day1.vcxproj", "{D334006D-F9BD-4032-B9A6-5C389E7D33A7}"
EndProject
Project("{8BC9CEB8-8B4A-11D0-8D11-00A0C91BC942}") = "day3", "day3\day3.vcxproj", "{00C0DF4A-624A-42C3-AC52-CFCD743FD8D7}"
EndProject
Project("{8BC9CEB8-8B4A-11D0-8D11-00A0C91BC942}") = "day4", "day4\day4.vcxproj", "{59E1E4F5-B6FA-4E2C-8EF7-F789B70FC8AB}"
EndProject
Project("{8BC9CEB8-8B4A-11D0-8D11-00A0C91BC942}") = "day5", "day5\day5.vcxproj", "{AB23DC4B-6FB7-4B1A-84A4-BD8E52001516}"
EndProject
Project("{8BC9CEB8-8B4A-11D0-8D11-00A0C91BC942}") = "day6", "day6\day6.vcxproj", "{FEBAF003-49AD-4454-AEEE-29B3739F7D5F}"
EndProject
Project("{8BC9CEB8-8B4A-11D0-8D11-00A0C91BC942}") = "day7", "day7\day7.vcxproj", "{F004DC5A-01FB-4CFA-BD21-0D68E2896E4C}"
EndProject
Project("{8BC9CEB8-8B4A-11D0-8D11-00A0C91BC942}") = "day8", "day8\day8.vcxproj", "{15A5D6B4-752D-4B2B-9C74-80E1BC3AD89B}"
EndProject
Project("{8BC9CEB8-8B4A-11D0-8D11-00A0C91BC942}") = "day9", "day9\day9.vcxproj", "{B8D03BBD-AEE3-4C2A-95B2-572D1C85D464}"
EndProject
Project("{8BC9CEB8-8B4A-11D0-8D11-00A0C91BC942}") = "day10", "day10\day10.vcxproj", "{8DF9946C-BF2D-464A-AFE9-C6C8C3A6044A}"
EndProject
Project("{8BC9CEB8-8B4A-11D0-8D11-00A0C91BC942}") = "day11", "day11\day11.vcxproj", "{4B31703C-7269-4B67-8BC4-4CE72CF52865}"
EndProject
Project("{8BC9CEB8-8B4A-11D0-8D11-00A0C91BC942}") = "day12", "day12\day12.vcxproj", "{A3C780A5-23F4-4382-8E8E-5014E7A20B32}"
EndProject
Project("{8BC9CEB8-8B4A-11D0-8D11-00A0C91BC942}") = "day13", "day13\day13.vcxproj", "{64CDF9B0-A265-4384-BD2E-9DB84DE9BCB9}"
EndProject
Project("{8BC9CEB8-8B4A-11D0-8D11-00A0C91BC942}") = "day15", "day15\day15.vcxproj", "{4F274BEB-ACA4-4D59-A072-0FB5B8734739}"
EndProject
Global
	GlobalSection(SolutionConfigurationPlatforms) = preSolution
		Debug|x64 = Debug|x64
		Debug|x86 = Debug|x86
		Release|x64 = Release|x64
		Release|x86 = Release|x86
	EndGlobalSection
	GlobalSection(ProjectConfigurationPlatforms) = postSolution
		{FDC88400-49CB-4527-AEEB-3DF53DA6DA5F}.Debug|x64.ActiveCfg = Debug|x64
		{FDC88400-49CB-4527-AEEB-3DF53DA6DA5F}.Debug|x64.Build.0 = Debug|x64
		{FDC88400-49CB-4527-AEEB-3DF53DA6DA5F}.Debug|x86.ActiveCfg = Debug|Win32
		{FDC88400-49CB-4527-AEEB-3DF53DA6DA5F}.Debug|x86.Build.0 = Debug|Win32
		{FDC88400-49CB-4527-AEEB-3DF53DA6DA5F}.Release|x64.ActiveCfg = Release|x64
		{FDC88400-49CB-4527-AEEB-3DF53DA6DA5F}.Release|x64.Build.0 = Release|x64
		{FDC88400-49CB-4527-AEEB-3DF53DA6DA5F}.Release|x86.ActiveCfg = Release|Win32
		{FDC88400-49CB-4527-AEEB-3DF53DA6DA5F}.Release|x86.Build.0 = Release|Win32
		{D334006D-F9BD-4032-B9A6-5C389E7D33A7}.Debug|x64.ActiveCfg = Debug|x64
		{D334006D-F9BD-4032-B9A6-5C389E7D33A7}.Debug|x64.Build.0 = Debug|x64
		{D334006D-F9BD-4032-B9A6-5C389E7D33A7}.Debug|x86.ActiveCfg = Debug|Win32
		{D334006D-F9BD-4032-B9A6-5C389E7D33A7}.Debug|x86.Build.0 = Debug|Win32
		{D334006D-F9BD-4032-B9A6-5C389E7D33A7}.Release|x64.ActiveCfg = Release|x64
		{D334006D-F9BD-4032-B9A6-5C389E7D33A7}.Release|x64.Build.0 = Release|x64
		{D334006D-F9BD-4032-B9A6-5C389E7D33A7}.Release|x86.ActiveCfg = Release|Win32
		{D334006D-F9BD-4032-B9A6-5C389E7D33A7}.Release|x86.Build.0 = Release|Win32
		{00C0DF4A-624A-42C3-AC52-CFCD743FD8D7}.Debug|x64.ActiveCfg = Debug|x64
		{00C0DF4A-624A-42C3-AC52-CFCD743FD8D7}.Debug|x64.Build.0 = Debug|x64
		{00C0DF4A-624A-42C3-AC52-CFCD743FD8D7}.Debug|x86.ActiveCfg = Debug|Win32
		{00C0DF4A-624A-42C3-AC52-CFCD743FD8D7}.Debug|x86.Build.0 = Debug|Win32
		{00C0DF4A-624A-42C3-AC52-CFCD743FD8D7}.Release|x64.ActiveCfg = Release|x64
		{00C0DF4A-624A-42C3-AC52-CFCD743FD8D7}.Release|x64.Build.0 = Release|x64
		{00C0DF4A-624A-42C3-AC52-CFCD743FD8D7}.Release|x86.ActiveCfg = Release|Win32
		{00C0DF4A-624A-42C3-AC52-CFCD743FD8D7}.Release|x86.Build.0 = Release|Win32
		{59E1E4F5-B6FA-4E2C-8EF7-F789B70FC8AB}.Debug|x64.ActiveCfg = Debug|x64
		{59E1E4F5-B6FA-4E2C-8EF7-F789B70FC8AB}.Debug|x64.Build.0 = Debug|x64
		{59E1E4F5-B6FA-4E2C-8EF7-F789B70FC8AB}.Debug|x86.ActiveCfg = Debug|Win32
		{59E1E4F5-B6FA-4E2C-8EF7-F789B70FC8AB}.Debug|x86.Build.0 = Debug|Win32
		{59E1E4F5-B6FA-4E2C-8EF7-F789B70FC8AB}.Release|x64.ActiveCfg = Release|x64
		{59E1E4F5-B6FA-4E2C-8EF7-F789B70FC8AB}.Release|x64.Build.0 = Release|x64
		{59E1E4F5-B6FA-4E2C-8EF7-F789B70FC8AB}.Release|x86.ActiveCfg = Release|Win32
		{59E1E4F5-B6FA-4E2C-8EF7-F789B70FC8AB}.Release|x86.Build.0 = Release|Win32
		{AB23DC4B-6FB7-4B1A-84A4-BD8E52001516}.Debug|x64.ActiveCfg = Debug|x64
		{AB23DC4B-6FB7-4B1A-84A4-BD8E52001516}.Debug|x64.Build.0 = Debug|x64
		{AB23DC4B-6FB7-4B1A-84A4-BD8E52001516}.Debug|x86.ActiveCfg = Debug|Win32
		{AB23DC4B-6FB7-4B1A-84A4-BD8E52001516}.Debug|x86.Build.0 = Debug|Win32
		{AB23DC4B-6FB7-4B1A-84A4-BD8E52001516}.Release|x64.ActiveCfg = Release|x64
		{AB23DC4B-6FB7-4B1A-84A4-BD8E52001516}.Release|x64.Build.0 = Release|x64
		{AB23DC4B-6FB7-4B1A-84A4-BD8E52001516}.Release|x86.ActiveCfg = Release|Win32
		{AB23DC4B-6FB7-4B1A-84A4-BD8E52001516}.Release|x86.Build.0 = Release|Win32
		{FEBAF003-49AD-4454-AEEE-29B3739F7D5F}.Debug|x64.ActiveCfg = Debug|x64
		{FEBAF003-49AD-4454-AEEE-29B3739F7D5F}.Debug|x64.Build.0 = Debug|x64
		{FEBAF003-49AD-4454-AEEE-29B3739F7D5F}.Debug|x86.ActiveCfg = Debug|Win32
		{FEBAF003-49AD-4454-AEEE-29B3739F7D5F}.Debug|x86.Build.0 = Debug|Win32
		{FEBAF003-49AD-4454-AEEE-29B3739F7D5F}.Release|x64.ActiveCfg = Release|x64
		{FEBAF003-49AD-4454-AEEE-29B3739F7D5F}.Release|x64.Build.0 = Release|x64
		{FEBAF003-49AD-4454-AEEE-29B3739F7D5F}.Release|x86.ActiveCfg = Release|Win32
		{FEBAF003-49AD-4454-AEEE-29B3739F7D5F}.Release|x86.Build.0 = Release|Win32
		{F004DC5A-01FB-4CFA-BD21-0D68E2896E4C}.Debug|x64.ActiveCfg = Debug|x64
		{F004DC5A-01FB-4CFA-BD21-0D68E2896E4C}.Debug|x64.Build.0 = Debug|x64
		{F004DC5A-01FB-4CFA-BD21-0D68E2896E4C}.Debug|x86.ActiveCfg = Debug|Win32
		{F004DC5A-01FB-4CFA-BD21-0D68E2896E4C}.Debug|x86.Build.0 = Debug|Win32
		{F004DC5A-01FB-4CFA-BD21-0D68E2896E4C}.Release|x64.ActiveCfg = Release|x64
		{F004DC5A-01FB-4CFA-BD21-0D68E2896E4C}.Release|x64.Build.0 = Release|x64
		{F004DC5A-01FB-4CFA-BD21-0D68E2896E4C}.Release|x86.ActiveCfg = Release|Win32
		{F004DC5A-01FB-4CFA-BD21-0D68E2896E4C}.Release|x86.Build.0 = Release|Win32
		{15A5D6B4-752D-4B2B-9C74-80E1BC3AD89B}.Debug|x64.ActiveCfg = Debug|x64
		{15A5D6B4-752D-4B2B-9C74-80E1BC3AD89B}.Debug|x64.Build.0 = Debug|x64
		{15A5D6B4-752D-4B2B-9C74-80E1BC3AD89B}.Debug|x86.ActiveCfg = Debug|Win32
		{15A5D6B4-752D-4B2B-9C74-80E1BC3AD89B}.Debug|x86.Build.0 = Debug|Win32
		{15A5D6B4-752D-4B2B-9C74-80E1BC3AD89B}.Release|x64.ActiveCfg = Release|x64
		{15A5D6B4-752D-4B2B-9C74-80E1BC3AD89B}.Release|x64.Build.0 = Release|x64
		{15A5D6B4-752D-4B2B-9C74-80E1BC3AD89B}.Release|x86.ActiveCfg = Release|Win32
		{15A5D6B4-752D-4B2B-9C74-80E1BC3AD89B}.Release|x86.Build.0 = Release|Win32
		{B8D03BBD-AEE3-4C2A-95B2-572D1C85D464}.Debug|x64.ActiveCfg = Debug|x64
		{B8D03BBD-AEE3-4C2A-95B2-572D1C85D464}.Debug|x64.Build.0 = Debug|x64
		{B8D03BBD-AEE3-4C2A-95B2-572D1C85D464}.Debug|x86.ActiveCfg = Debug|Win32
		{B8D03BBD-AEE3-4C2A-95B2-572D1C85D464}.Debug|x86.Build.0 = Debug|Win32
		{B8D03BBD-AEE3-4C2A-95B2-572D1C85D464}.Release|x64.ActiveCfg = Release|x64
		{B8D03BBD-AEE3-4C2A-95B2-572D1C85D464}.Release|x64.Build.0 = Release|x64
		{B8D03BBD-AEE3-4C2A-95B2-572D1C85D464}.Release|x86.ActiveCfg = Release|Win32
		{B8D03BBD-AEE3-4C2A-95B2-572D1C85D464}.Release|x86.Build.0 = Release|Win32
		{8DF9946C-BF2D-464A-AFE9-C6C8C3A6044A}.Debug|x64.ActiveCfg = Debug|x64
		{8DF9946C-BF2D-464A-AFE9-C6C8C3A6044A}.Debug|x64.Build.0 = Debug|x64
		{8DF9946C-BF2D-464A-AFE9-C6C8C3A6044A}.Debug|x86.ActiveCfg = Debug|Win32
		{8DF9946C-BF2D-464A-AFE9-C6C8C3A6044A}.Debug|x86.Build.0 = Debug|Win32
		{8DF9946C-BF2D-464A-AFE9-C6C8C3A6044A}.Release|x64.ActiveCfg = Release|x64
		{8DF9946C-BF2D-464A-AFE9-C6C8C3A6044A}.Release|x64.Build.0 = Release|x64
		{8DF9946C-BF2D-464A-AFE9-C6C8C3A6044A}.Release|x86.ActiveCfg = Release|Win32
		{8DF9946C-BF2D-464A-AFE9-C6C8C3A6044A}.Release|x86.Build.0 = Release|Win32
		{4B31703C-7269-4B67-8BC4-4CE72CF52865}.Debug|x64.ActiveCfg = Debug|x64
		{4B31703C-7269-4B67-8BC4-4CE72CF52865}.Debug|x64.Build.0 = Debug|x64
		{4B31703C-7269-4B67-8BC4-4CE72CF52865}.Debug|x86.ActiveCfg = Debug|Win32
		{4B31703C-7269-4B67-8BC4-4CE72CF52865}.Debug|x86.Build.0 = Debug|Win32
		{4B31703C-7269-4B67-8BC4-4CE72CF52865}.Release|x64.ActiveCfg = Release|x64
		{4B31703C-7269-4B67-8BC4-4CE72CF52865}.Release|x64.Build.0 = Release|x64
		{4B31703C-7269-4B67-8BC4-4CE72CF52865}.Release|x86.ActiveCfg = Release|Win32
		{4B31703C-7269-4B67-8BC4-4CE72CF52865}.Release|x86.Build.0 = Release|Win32
		{A3C780A5-23F4-4382-8E8E-5014E7A20B32}.Debug|x64.ActiveCfg = Debug|x64
		{A3C780A5-23F4-4382-8E8E-5014E7A20B32}.Debug|x64.Build.0 = Debug|x64
		{A3C780A5-23F4-4382-8E8E-5014E7A20B32}.Debug|x86.ActiveCfg = Debug|Win32
		{A3C780A5-23F4-4382-8E8E-5014E7A20B32}.Debug|x86.Build.0 = Debug|Win32
		{A3C780A5-23F4-4382-8E8E-5014E7A20B32}.Release|x64.ActiveCfg = Release|x64
		{A3C780A5-23F4-4382-8E8E-5014E7A20B32}.Release|x64.Build.0 = Release|x64
		{A3C780A5-23F4-4382-8E8E-5014E7A20B32}.Release|x86.ActiveCfg = Release|Win32
		{A3C780A5-23F4-4382-8E8E-5014E7A20B32}.Release|x86.Build.0 = Release|Win32
		{64CDF9B0-A265-4384-BD2E-9DB84DE9BCB9}.Debug|x64.ActiveCfg = Debug|x64
		{64CDF9B0-A265-4384-BD2E-9DB84DE9BCB9}.Debug|x64.Build.0 = Debug|x64
		{64CDF9B0-A265-4384-BD2E-9DB84DE9BCB9}.Debug|x86.ActiveCfg = Debug|Win32
		{64CDF9B0-A265-4384-BD2E-9DB84DE9BCB9}.Debug|x86.Build.0 = Debug|Win32
		{64CDF9B0-A265-4384-BD2E-9DB84DE9BCB9}.Release|x64.ActiveCfg = Release|x64
		{64CDF9B0-A265-4384-BD2E-9DB84DE9BCB9}.Release|x64.Build.0 = Release|x64
		{64CDF9B0-A265-4384-BD2E-9DB84DE9BCB9}.Release|x86.ActiveCfg = Release|Win32
		{64CDF9B0-A265-4384-BD2E-9DB84DE9BCB9}.Release|x86.Build.0 = Release|Win32
		{4F274BEB-ACA4-4D59-A072-0FB5B8734739}.Debug|x64.ActiveCfg = Debug|x64
		{4F274BEB-ACA4-4D59-A072-0FB5B8734739}.Debug|x64.Build.0 = Debug|x64
		{4F274BEB-ACA4-4D59-A072-0FB5B8734739}.Debug|x86.ActiveCfg = Debug|Win32
		{4F274BEB-ACA4-4D59-A072-0FB5B8734739}.Debug|x86.Build.0 = Debug|Win32
		{4F274BEB-ACA4-4D59-A072-0FB5B8734739}.Release|x64.ActiveCfg = Release|x64
		{4F274BEB-ACA4-4D59-A072-0FB5B8734739}.Release|x64.Build.0 = Release|x64
		{4F274BEB-ACA4-4D59-A072-0FB5B8734739}.Release|x86.ActiveCfg = Release|Win32
		{4F274BEB-ACA4-4D59-A072-0FB5B8734739}.Release|x86.Build.0 = Release|Win32
	EndGlobalSection
	GlobalSection(SolutionProperties) = preSolution
		HideSolutionNode = FALSE
	EndGlobalSection
	GlobalSection(ExtensibilityGlobals) = postSolution
		SolutionGuid = {6723D9F9-6AF9-4728-A47B-DD1AE573139E}
	EndGlobalSection
EndGlobal
